# THIS IS AN AUTOGENERATED FILE. DO NOT EDIT THIS FILE DIRECTLY.
# yarn lockfile v1


"@ci-types/gjs@^1.0.12":
  version "1.0.12"
  resolved "https://registry.yarnpkg.com/@ci-types/gjs/-/gjs-1.0.12.tgz#c700e5e4be932d411be8847e5c1067438ad41354"
  integrity sha512-qupC+aooNPw+UokNf8DuXg4bRttJ1SzHPXWqejcnHRQYlP66sndURV/Xu2n+aA9Wq5mGr5Zzm9qke68S0xLagQ==

json@^11.0.0:
  version "11.0.0"
  resolved "https://registry.yarnpkg.com/json/-/json-11.0.0.tgz#2e84493134e2f42c131165aa22a124df38b3a3ee"
  integrity sha512-N/ITv3Yw9Za8cGxuQqSqrq6RHnlaHWZkAFavcfpH/R52522c26EbihMxnY7A1chxfXJ4d+cEFIsyTgfi9GihrA==

typescript@^4.6.4:
  version "4.6.4"
  resolved "https://registry.yarnpkg.com/typescript/-/typescript-4.6.4.tgz#caa78bbc3a59e6a5c510d35703f6a09877ce45e9"
  integrity sha512-9ia/jWHIEbo49HfjrLGfKbZSuWo9iTMwXO+Ca3pRsSpbsMbc7/IU8NKdCZVRRBafVPGnoJeFL76ZOAA84I9fEg==
